
Microsoft Visual Studio Solution File, Format Version 12.00
# Visual Studio Version 16
VisualStudioVersion = 16.0.28917.181
MinimumVisualStudioVersion = 10.0.40219.1
Project("{FAE04EC0-301F-11D3-BF4B-00C04F79EFBC}") = "ConsoleApp1", "ConsoleApp1.csproj", "{7F26BC70-A9D1-4CE2-B8E2-B3417D258A2E}"
EndProject
Project("{FAE04EC0-301F-11D3-BF4B-00C04F79EFBC}") = "ConsoleApp1.tests", "..\ConsoleApp1.tests\ConsoleApp1.tests.csproj", "{AC7C3D6F-3C38-4F49-8371-725698D8D225}"
EndProject
Global
	GlobalSection(SolutionConfigurationPlatforms) = preSolution
		Debug|Any CPU = Debug|Any CPU
		Release|Any CPU = Release|Any CPU
	EndGlobalSection
	GlobalSection(ProjectConfigurationPlatforms) = postSolution
		{7F26BC70-A9D1-4CE2-B8E2-B3417D258A2E}.Debug|Any CPU.ActiveCfg = Debug|Any CPU
		{7F26BC70-A9D1-4CE2-B8E2-B3417D258A2E}.Debug|Any CPU.Build.0 = Debug|Any CPU
		{7F26BC70-A9D1-4CE2-B8E2-B3417D258A2E}.Release|Any CPU.ActiveCfg = Release|Any CPU
		{7F26BC70-A9D1-4CE2-B8E2-B3417D258A2E}.Release|Any CPU.Build.0 = Release|Any CPU
		{AC7C3D6F-3C38-4F49-8371-725698D8D225}.Debug|Any CPU.ActiveCfg = Debug|Any CPU
		{AC7C3D6F-3C38-4F49-8371-725698D8D225}.Debug|Any CPU.Build.0 = Debug|Any CPU
		{AC7C3D6F-3C38-4F49-8371-725698D8D225}.Release|Any CPU.ActiveCfg = Release|Any CPU
		{AC7C3D6F-3C38-4F49-8371-725698D8D225}.Release|Any CPU.Build.0 = Release|Any CPU
	EndGlobalSection
	GlobalSection(SolutionProperties) = preSolution
		HideSolutionNode = FALSE
	EndGlobalSection
	GlobalSection(ExtensibilityGlobals) = postSolution
		SolutionGuid = {9470A0F1-CCD7-4EDC-AB90-3C094D8A7273}
	EndGlobalSection
EndGlobal
